
Microsoft Visual Studio Solution File, Format Version 12.00
# Visual Studio Version 17
VisualStudioVersion = 17.9.34728.123
MinimumVisualStudioVersion = 10.0.40219.1
Project("{9A19103F-16F7-4668-BE54-9A1E7A4F7556}") = "EjerciciosRazorPages", "EjerciciosRazorPages\EjerciciosRazorPages.csproj", "{9E118D66-2EBF-48D8-8DDC-19E71FE3E322}"
EndProject
Global
	GlobalSection(SolutionConfigurationPlatforms) = preSolution
		Debug|Any CPU = Debug|Any CPU
		Release|Any CPU = Release|Any CPU
	EndGlobalSection
	GlobalSection(ProjectConfigurationPlatforms) = postSolution
		{9E118D66-2EBF-48D8-8DDC-19E71FE3E322}.Debug|Any CPU.ActiveCfg = Debug|Any CPU
		{9E118D66-2EBF-48D8-8DDC-19E71FE3E322}.Debug|Any CPU.Build.0 = Debug|Any CPU
		{9E118D66-2EBF-48D8-8DDC-19E71FE3E322}.Release|Any CPU.ActiveCfg = Release|Any CPU
		{9E118D66-2EBF-48D8-8DDC-19E71FE3E322}.Release|Any CPU.Build.0 = Release|Any CPU
	EndGlobalSection
	GlobalSection(SolutionProperties) = preSolution
		HideSolutionNode = FALSE
	EndGlobalSection
	GlobalSection(ExtensibilityGlobals) = postSolution
		SolutionGuid = {E5BA9E2A-250F-416B-B5B2-BBB1C6C153E7}
	EndGlobalSection
EndGlobal
